
Microsoft Visual Studio Solution File, Format Version 12.00
# Visual Studio Version 17
VisualStudioVersion = 17.11.35431.28
MinimumVisualStudioVersion = 10.0.40219.1
Project("{FAE04EC0-301F-11D3-BF4B-00C04F79EFBC}") = "RDR2PhotoView", "RDR2PhotoView\RDR2PhotoView.csproj", "{F9598742-B544-440B-8219-3DC8BB334FAD}"
EndProject
Global
	GlobalSection(SolutionConfigurationPlatforms) = preSolution
		Debug|Any CPU = Debug|Any CPU
		Release|Any CPU = Release|Any CPU
	EndGlobalSection
	GlobalSection(ProjectConfigurationPlatforms) = postSolution
		{F9598742-B544-440B-8219-3DC8BB334FAD}.Debug|Any CPU.ActiveCfg = Debug|Any CPU
		{F9598742-B544-440B-8219-3DC8BB334FAD}.Debug|Any CPU.Build.0 = Debug|Any CPU
		{F9598742-B544-440B-8219-3DC8BB334FAD}.Release|Any CPU.ActiveCfg = Release|Any CPU
		{F9598742-B544-440B-8219-3DC8BB334FAD}.Release|Any CPU.Build.0 = Release|Any CPU
	EndGlobalSection
	GlobalSection(SolutionProperties) = preSolution
		HideSolutionNode = FALSE
	EndGlobalSection
	GlobalSection(ExtensibilityGlobals) = postSolution
		SolutionGuid = {E3B5DDAE-088D-4D27-B72E-24A75B6B747E}
	EndGlobalSection
EndGlobal
